
Microsoft Visual Studio Solution File, Format Version 12.00
# Visual Studio Version 16
VisualStudioVersion = 16.0.33027.164
MinimumVisualStudioVersion = 10.0.40219.1
Project("{FAE04EC0-301F-11D3-BF4B-00C04F79EFBC}") = "ConsoleApp2", "ConsoleApp2\ConsoleApp2.csproj", "{005752B3-152A-4078-8AD7-54C2628F99FF}"
EndProject
Global
	GlobalSection(SolutionConfigurationPlatforms) = preSolution
		Debug|Any CPU = Debug|Any CPU
		Release|Any CPU = Release|Any CPU
	EndGlobalSection
	GlobalSection(ProjectConfigurationPlatforms) = postSolution
		{005752B3-152A-4078-8AD7-54C2628F99FF}.Debug|Any CPU.ActiveCfg = Debug|Any CPU
		{005752B3-152A-4078-8AD7-54C2628F99FF}.Debug|Any CPU.Build.0 = Debug|Any CPU
		{005752B3-152A-4078-8AD7-54C2628F99FF}.Release|Any CPU.ActiveCfg = Release|Any CPU
		{005752B3-152A-4078-8AD7-54C2628F99FF}.Release|Any CPU.Build.0 = Release|Any CPU
	EndGlobalSection
	GlobalSection(SolutionProperties) = preSolution
		HideSolutionNode = FALSE
	EndGlobalSection
	GlobalSection(ExtensibilityGlobals) = postSolution
		SolutionGuid = {CDD7EF7A-1023-41E3-BBCB-6888DB630B05}
	EndGlobalSection
EndGlobal
